
Microsoft Visual Studio Solution File, Format Version 12.00
# Visual Studio 2012
Project("{FAE04EC0-301F-11D3-BF4B-00C04F79EFBC}") = "01.ChefRefactor", "01.ChefRefactor\01.ChefRefactor.csproj", "{523F6F1E-03A6-48BB-99D7-DC7D16E1F7C4}"
EndProject
Project("{FAE04EC0-301F-11D3-BF4B-00C04F79EFBC}") = "02.IfStatementsRefactor", "02.IfStatementsRefactor\02.IfStatementsRefactor.csproj", "{89BD1319-C3FD-4976-AD8F-CC7B525DB44D}"
EndProject
Project("{FAE04EC0-301F-11D3-BF4B-00C04F79EFBC}") = "03.LoopRefactor", "03.LoopRefactor\03.LoopRefactor.csproj", "{35C4E11D-2088-4C3B-9B6A-9C01631A290E}"
EndProject
Global
	GlobalSection(SolutionConfigurationPlatforms) = preSolution
		Debug|Any CPU = Debug|Any CPU
		Release|Any CPU = Release|Any CPU
	EndGlobalSection
	GlobalSection(ProjectConfigurationPlatforms) = postSolution
		{523F6F1E-03A6-48BB-99D7-DC7D16E1F7C4}.Debug|Any CPU.ActiveCfg = Debug|Any CPU
		{523F6F1E-03A6-48BB-99D7-DC7D16E1F7C4}.Debug|Any CPU.Build.0 = Debug|Any CPU
		{523F6F1E-03A6-48BB-99D7-DC7D16E1F7C4}.Release|Any CPU.ActiveCfg = Release|Any CPU
		{523F6F1E-03A6-48BB-99D7-DC7D16E1F7C4}.Release|Any CPU.Build.0 = Release|Any CPU
		{89BD1319-C3FD-4976-AD8F-CC7B525DB44D}.Debug|Any CPU.ActiveCfg = Debug|Any CPU
		{89BD1319-C3FD-4976-AD8F-CC7B525DB44D}.Debug|Any CPU.Build.0 = Debug|Any CPU
		{89BD1319-C3FD-4976-AD8F-CC7B525DB44D}.Release|Any CPU.ActiveCfg = Release|Any CPU
		{89BD1319-C3FD-4976-AD8F-CC7B525DB44D}.Release|Any CPU.Build.0 = Release|Any CPU
		{35C4E11D-2088-4C3B-9B6A-9C01631A290E}.Debug|Any CPU.ActiveCfg = Debug|Any CPU
		{35C4E11D-2088-4C3B-9B6A-9C01631A290E}.Debug|Any CPU.Build.0 = Debug|Any CPU
		{35C4E11D-2088-4C3B-9B6A-9C01631A290E}.Release|Any CPU.ActiveCfg = Release|Any CPU
		{35C4E11D-2088-4C3B-9B6A-9C01631A290E}.Release|Any CPU.Build.0 = Release|Any CPU
	EndGlobalSection
	GlobalSection(SolutionProperties) = preSolution
		HideSolutionNode = FALSE
	EndGlobalSection
EndGlobal
