
Microsoft Visual Studio Solution File, Format Version 12.00
# Visual Studio 2012
Project("{FAE04EC0-301F-11D3-BF4B-00C04F79EFBC}") = "1.Problem", "1.Problem\1.Problem.csproj", "{13759F4A-F770-42EB-90B6-4F2CA6AEE76D}"
EndProject
Project("{FAE04EC0-301F-11D3-BF4B-00C04F79EFBC}") = "2.Problem", "2.Problem\2.Problem.csproj", "{F03F7112-1918-4105-B2E9-776D87A10423}"
EndProject
Project("{FAE04EC0-301F-11D3-BF4B-00C04F79EFBC}") = "3.Prolem", "3.Prolem\3.Prolem.csproj", "{8F483140-F422-425D-9358-74290387D934}"
EndProject
Project("{FAE04EC0-301F-11D3-BF4B-00C04F79EFBC}") = "4.Problem", "4.Problem\4.Problem.csproj", "{410762B2-2B6B-40C8-B339-AB667F51894F}"
EndProject
Project("{FAE04EC0-301F-11D3-BF4B-00C04F79EFBC}") = "5.Problem", "5.Problem\5.Problem.csproj", "{C1ACFC9B-9924-45DA-883D-ECD53BF34B58}"
EndProject
Global
	GlobalSection(SolutionConfigurationPlatforms) = preSolution
		Debug|Any CPU = Debug|Any CPU
		Release|Any CPU = Release|Any CPU
	EndGlobalSection
	GlobalSection(ProjectConfigurationPlatforms) = postSolution
		{13759F4A-F770-42EB-90B6-4F2CA6AEE76D}.Debug|Any CPU.ActiveCfg = Debug|Any CPU
		{13759F4A-F770-42EB-90B6-4F2CA6AEE76D}.Debug|Any CPU.Build.0 = Debug|Any CPU
		{13759F4A-F770-42EB-90B6-4F2CA6AEE76D}.Release|Any CPU.ActiveCfg = Release|Any CPU
		{13759F4A-F770-42EB-90B6-4F2CA6AEE76D}.Release|Any CPU.Build.0 = Release|Any CPU
		{F03F7112-1918-4105-B2E9-776D87A10423}.Debug|Any CPU.ActiveCfg = Debug|Any CPU
		{F03F7112-1918-4105-B2E9-776D87A10423}.Debug|Any CPU.Build.0 = Debug|Any CPU
		{F03F7112-1918-4105-B2E9-776D87A10423}.Release|Any CPU.ActiveCfg = Release|Any CPU
		{F03F7112-1918-4105-B2E9-776D87A10423}.Release|Any CPU.Build.0 = Release|Any CPU
		{8F483140-F422-425D-9358-74290387D934}.Debug|Any CPU.ActiveCfg = Debug|Any CPU
		{8F483140-F422-425D-9358-74290387D934}.Debug|Any CPU.Build.0 = Debug|Any CPU
		{8F483140-F422-425D-9358-74290387D934}.Release|Any CPU.ActiveCfg = Release|Any CPU
		{8F483140-F422-425D-9358-74290387D934}.Release|Any CPU.Build.0 = Release|Any CPU
		{410762B2-2B6B-40C8-B339-AB667F51894F}.Debug|Any CPU.ActiveCfg = Debug|Any CPU
		{410762B2-2B6B-40C8-B339-AB667F51894F}.Debug|Any CPU.Build.0 = Debug|Any CPU
		{410762B2-2B6B-40C8-B339-AB667F51894F}.Release|Any CPU.ActiveCfg = Release|Any CPU
		{410762B2-2B6B-40C8-B339-AB667F51894F}.Release|Any CPU.Build.0 = Release|Any CPU
		{C1ACFC9B-9924-45DA-883D-ECD53BF34B58}.Debug|Any CPU.ActiveCfg = Debug|Any CPU
		{C1ACFC9B-9924-45DA-883D-ECD53BF34B58}.Debug|Any CPU.Build.0 = Debug|Any CPU
		{C1ACFC9B-9924-45DA-883D-ECD53BF34B58}.Release|Any CPU.ActiveCfg = Release|Any CPU
		{C1ACFC9B-9924-45DA-883D-ECD53BF34B58}.Release|Any CPU.Build.0 = Release|Any CPU
	EndGlobalSection
	GlobalSection(SolutionProperties) = preSolution
		HideSolutionNode = FALSE
	EndGlobalSection
EndGlobal
