
Microsoft Visual Studio Solution File, Format Version 12.00
# Visual Studio 2012
Project("{FAE04EC0-301F-11D3-BF4B-00C04F79EFBC}") = "SchoolNS", "School\SchoolNS.csproj", "{64B2825E-FD3B-43FA-958F-7381BB07D56C}"
EndProject
Project("{FAE04EC0-301F-11D3-BF4B-00C04F79EFBC}") = "SchoolTest", "SchoolTest\SchoolTest.csproj", "{D7512EE3-A1A8-4B37-80E7-C1E36D609368}"
EndProject
Global
	GlobalSection(SolutionConfigurationPlatforms) = preSolution
		Debug|Any CPU = Debug|Any CPU
		Release|Any CPU = Release|Any CPU
	EndGlobalSection
	GlobalSection(ProjectConfigurationPlatforms) = postSolution
		{64B2825E-FD3B-43FA-958F-7381BB07D56C}.Debug|Any CPU.ActiveCfg = Debug|Any CPU
		{64B2825E-FD3B-43FA-958F-7381BB07D56C}.Debug|Any CPU.Build.0 = Debug|Any CPU
		{64B2825E-FD3B-43FA-958F-7381BB07D56C}.Release|Any CPU.ActiveCfg = Release|Any CPU
		{64B2825E-FD3B-43FA-958F-7381BB07D56C}.Release|Any CPU.Build.0 = Release|Any CPU
		{D7512EE3-A1A8-4B37-80E7-C1E36D609368}.Debug|Any CPU.ActiveCfg = Debug|Any CPU
		{D7512EE3-A1A8-4B37-80E7-C1E36D609368}.Debug|Any CPU.Build.0 = Debug|Any CPU
		{D7512EE3-A1A8-4B37-80E7-C1E36D609368}.Release|Any CPU.ActiveCfg = Release|Any CPU
		{D7512EE3-A1A8-4B37-80E7-C1E36D609368}.Release|Any CPU.Build.0 = Release|Any CPU
	EndGlobalSection
	GlobalSection(SolutionProperties) = preSolution
		HideSolutionNode = FALSE
	EndGlobalSection
EndGlobal
