
Microsoft Visual Studio Solution File, Format Version 12.00
# Visual Studio 2012
Project("{FAE04EC0-301F-11D3-BF4B-00C04F79EFBC}") = "03.RootLogESin", "03.RootLogESin\03.RootLogESin.csproj", "{B4A28A95-AC32-47F1-968A-1955FBF984C2}"
EndProject
Project("{FAE04EC0-301F-11D3-BF4B-00C04F79EFBC}") = "02.SimpleMathFunctions", "02.SimpleMathFunctions\02.SimpleMathFunctions.csproj", "{7C623972-2D56-468D-804E-19F60AB83DB8}"
EndProject
Global
	GlobalSection(SolutionConfigurationPlatforms) = preSolution
		Debug|Any CPU = Debug|Any CPU
		Release|Any CPU = Release|Any CPU
	EndGlobalSection
	GlobalSection(ProjectConfigurationPlatforms) = postSolution
		{B4A28A95-AC32-47F1-968A-1955FBF984C2}.Debug|Any CPU.ActiveCfg = Debug|Any CPU
		{B4A28A95-AC32-47F1-968A-1955FBF984C2}.Debug|Any CPU.Build.0 = Debug|Any CPU
		{B4A28A95-AC32-47F1-968A-1955FBF984C2}.Release|Any CPU.ActiveCfg = Release|Any CPU
		{B4A28A95-AC32-47F1-968A-1955FBF984C2}.Release|Any CPU.Build.0 = Release|Any CPU
		{7C623972-2D56-468D-804E-19F60AB83DB8}.Debug|Any CPU.ActiveCfg = Debug|Any CPU
		{7C623972-2D56-468D-804E-19F60AB83DB8}.Debug|Any CPU.Build.0 = Debug|Any CPU
		{7C623972-2D56-468D-804E-19F60AB83DB8}.Release|Any CPU.ActiveCfg = Release|Any CPU
		{7C623972-2D56-468D-804E-19F60AB83DB8}.Release|Any CPU.Build.0 = Release|Any CPU
	EndGlobalSection
	GlobalSection(SolutionProperties) = preSolution
		HideSolutionNode = FALSE
	EndGlobalSection
EndGlobal
